// !$*UTF8*$!
{
	archiveVersion = 1;
	classes = {
	};
	objectVersion = 56;
	objects = {

/* Begin PBXBuildFile section */
		C6331D4F2D428BE9001727CC /* Profile.swift in Sources */ = {isa = PBXBuildFile; fileRef = C6331D4E2D428BE9001727CC /* Profile.swift */; };
		C63591F22D47D27200D2A0B0 /* DetailViewController.swift in Sources */ = {isa = PBXBuildFile; fileRef = C63591F12D47D27200D2A0B0 /* DetailViewController.swift */; };
		C63B49F12D4595C0009BE8C3 /* TableViewCell.swift in Sources */ = {isa = PBXBuildFile; fileRef = C63B49F02D4595C0009BE8C3 /* TableViewCell.swift */; };
		C63B49F52D45A747009BE8C3 /* TableViewModel.swift in Sources */ = {isa = PBXBuildFile; fileRef = C63B49F42D45A747009BE8C3 /* TableViewModel.swift */; };
		C63B49F72D45A88B009BE8C3 /* TableViewModelType.swift in Sources */ = {isa = PBXBuildFile; fileRef = C63B49F62D45A88B009BE8C3 /* TableViewModelType.swift */; };
		C63F89B92D47F860003471BF /* DetailViewModelType.swift in Sources */ = {isa = PBXBuildFile; fileRef = C63F89B82D47F860003471BF /* DetailViewModelType.swift */; };
		C63F89BB2D47F8D0003471BF /* DetailViewModel.swift in Sources */ = {isa = PBXBuildFile; fileRef = C63F89BA2D47F8D0003471BF /* DetailViewModel.swift */; };
		C64221E72D41A10E00FC1AF7 /* TableView.storyboard in Resources */ = {isa = PBXBuildFile; fileRef = C64221E62D41A10E00FC1AF7 /* TableView.storyboard */; };
		C64221EC2D41A6E500FC1AF7 /* TableViewController.swift in Sources */ = {isa = PBXBuildFile; fileRef = C64221EB2D41A6E400FC1AF7 /* TableViewController.swift */; };
		C643688F2D3FDFC300E81FF5 /* AppDelegate.swift in Sources */ = {isa = PBXBuildFile; fileRef = C643688E2D3FDFC300E81FF5 /* AppDelegate.swift */; };
		C64368912D3FDFC300E81FF5 /* SceneDelegate.swift in Sources */ = {isa = PBXBuildFile; fileRef = C64368902D3FDFC300E81FF5 /* SceneDelegate.swift */; };
		C64368932D3FDFC300E81FF5 /* ViewController.swift in Sources */ = {isa = PBXBuildFile; fileRef = C64368922D3FDFC300E81FF5 /* ViewController.swift */; };
		C64368962D3FDFC300E81FF5 /* Base in Resources */ = {isa = PBXBuildFile; fileRef = C64368952D3FDFC300E81FF5 /* Base */; };
		C64368982D3FDFC500E81FF5 /* Assets.xcassets in Resources */ = {isa = PBXBuildFile; fileRef = C64368972D3FDFC500E81FF5 /* Assets.xcassets */; };
		C643689B2D3FDFC500E81FF5 /* Base in Resources */ = {isa = PBXBuildFile; fileRef = C643689A2D3FDFC500E81FF5 /* Base */; };
		C64368A32D3FE0BE00E81FF5 /* Profile.swift in Sources */ = {isa = PBXBuildFile; fileRef = C64368A22D3FE0BE00E81FF5 /* Profile.swift */; };
		C64368A52D3FF95E00E81FF5 /* ViewModel.swift in Sources */ = {isa = PBXBuildFile; fileRef = C64368A42D3FF95E00E81FF5 /* ViewModel.swift */; };
		C65226982D4C1DE4001AD483 /* NetworkProjectTableViewController.swift in Sources */ = {isa = PBXBuildFile; fileRef = C65226972D4C1DE4001AD483 /* NetworkProjectTableViewController.swift */; };
		C652269A2D4C1DF8001AD483 /* NetworkProject.storyboard in Resources */ = {isa = PBXBuildFile; fileRef = C65226992D4C1DF8001AD483 /* NetworkProject.storyboard */; };
		C652269C2D4C2472001AD483 /* NetworkViewModel.swift in Sources */ = {isa = PBXBuildFile; fileRef = C652269B2D4C2472001AD483 /* NetworkViewModel.swift */; };
		C654EE1F2D46B1F400457D2B /* TableViewCellViewModelType.swift in Sources */ = {isa = PBXBuildFile; fileRef = C654EE1E2D46B1F400457D2B /* TableViewCellViewModelType.swift */; };
		C654EE212D46B87A00457D2B /* TableViewCellViewModel.swift in Sources */ = {isa = PBXBuildFile; fileRef = C654EE202D46B87A00457D2B /* TableViewCellViewModel.swift */; };
		C6581B422D4CF4590080A937 /* NetworkManager.swift in Sources */ = {isa = PBXBuildFile; fileRef = C6581B412D4CF4590080A937 /* NetworkManager.swift */; };
/* End PBXBuildFile section */

/* Begin PBXFileReference section */
		C6331D4E2D428BE9001727CC /* Profile.swift */ = {isa = PBXFileReference; lastKnownFileType = sourcecode.swift; path = Profile.swift; sourceTree = "<group>"; };
		C63591F12D47D27200D2A0B0 /* DetailViewController.swift */ = {isa = PBXFileReference; lastKnownFileType = sourcecode.swift; path = DetailViewController.swift; sourceTree = "<group>"; };
		C63B49F02D4595C0009BE8C3 /* TableViewCell.swift */ = {isa = PBXFileReference; lastKnownFileType = sourcecode.swift; path = TableViewCell.swift; sourceTree = "<group>"; };
		C63B49F42D45A747009BE8C3 /* TableViewModel.swift */ = {isa = PBXFileReference; lastKnownFileType = sourcecode.swift; path = TableViewModel.swift; sourceTree = "<group>"; };
		C63B49F62D45A88B009BE8C3 /* TableViewModelType.swift */ = {isa = PBXFileReference; lastKnownFileType = sourcecode.swift; path = TableViewModelType.swift; sourceTree = "<group>"; };
		C63F89B82D47F860003471BF /* DetailViewModelType.swift */ = {isa = PBXFileReference; lastKnownFileType = sourcecode.swift; path = DetailViewModelType.swift; sourceTree = "<group>"; };
		C63F89BA2D47F8D0003471BF /* DetailViewModel.swift */ = {isa = PBXFileReference; lastKnownFileType = sourcecode.swift; path = DetailViewModel.swift; sourceTree = "<group>"; };
		C64221E62D41A10E00FC1AF7 /* TableView.storyboard */ = {isa = PBXFileReference; lastKnownFileType = file.storyboard; path = TableView.storyboard; sourceTree = "<group>"; };
		C64221EB2D41A6E400FC1AF7 /* TableViewController.swift */ = {isa = PBXFileReference; lastKnownFileType = sourcecode.swift; path = TableViewController.swift; sourceTree = "<group>"; };
		C643688B2D3FDFC300E81FF5 /* MVVM example.app */ = {isa = PBXFileReference; explicitFileType = wrapper.application; includeInIndex = 0; path = "MVVM example.app"; sourceTree = BUILT_PRODUCTS_DIR; };
		C643688E2D3FDFC300E81FF5 /* AppDelegate.swift */ = {isa = PBXFileReference; lastKnownFileType = sourcecode.swift; path = AppDelegate.swift; sourceTree = "<group>"; };
		C64368902D3FDFC300E81FF5 /* SceneDelegate.swift */ = {isa = PBXFileReference; lastKnownFileType = sourcecode.swift; path = SceneDelegate.swift; sourceTree = "<group>"; };
		C64368922D3FDFC300E81FF5 /* ViewController.swift */ = {isa = PBXFileReference; lastKnownFileType = sourcecode.swift; path = ViewController.swift; sourceTree = "<group>"; };
		C64368952D3FDFC300E81FF5 /* Base */ = {isa = PBXFileReference; lastKnownFileType = file.storyboard; name = Base; path = Base.lproj/Main.storyboard; sourceTree = "<group>"; };
		C64368972D3FDFC500E81FF5 /* Assets.xcassets */ = {isa = PBXFileReference; lastKnownFileType = folder.assetcatalog; path = Assets.xcassets; sourceTree = "<group>"; };
		C643689A2D3FDFC500E81FF5 /* Base */ = {isa = PBXFileReference; lastKnownFileType = file.storyboard; name = Base; path = Base.lproj/LaunchScreen.storyboard; sourceTree = "<group>"; };
		C643689C2D3FDFC500E81FF5 /* Info.plist */ = {isa = PBXFileReference; lastKnownFileType = text.plist.xml; path = Info.plist; sourceTree = "<group>"; };
		C64368A22D3FE0BE00E81FF5 /* Profile.swift */ = {isa = PBXFileReference; lastKnownFileType = sourcecode.swift; path = Profile.swift; sourceTree = "<group>"; };
		C64368A42D3FF95E00E81FF5 /* ViewModel.swift */ = {isa = PBXFileReference; lastKnownFileType = sourcecode.swift; path = ViewModel.swift; sourceTree = "<group>"; };
		C65226972D4C1DE4001AD483 /* NetworkProjectTableViewController.swift */ = {isa = PBXFileReference; lastKnownFileType = sourcecode.swift; path = NetworkProjectTableViewController.swift; sourceTree = "<group>"; };
		C65226992D4C1DF8001AD483 /* NetworkProject.storyboard */ = {isa = PBXFileReference; lastKnownFileType = file.storyboard; path = NetworkProject.storyboard; sourceTree = "<group>"; };
		C652269B2D4C2472001AD483 /* NetworkViewModel.swift */ = {isa = PBXFileReference; lastKnownFileType = sourcecode.swift; path = NetworkViewModel.swift; sourceTree = "<group>"; };
		C654EE1E2D46B1F400457D2B /* TableViewCellViewModelType.swift */ = {isa = PBXFileReference; lastKnownFileType = sourcecode.swift; path = TableViewCellViewModelType.swift; sourceTree = "<group>"; };
		C654EE202D46B87A00457D2B /* TableViewCellViewModel.swift */ = {isa = PBXFileReference; lastKnownFileType = sourcecode.swift; path = TableViewCellViewModel.swift; sourceTree = "<group>"; };
		C6581B412D4CF4590080A937 /* NetworkManager.swift */ = {isa = PBXFileReference; lastKnownFileType = sourcecode.swift; path = NetworkManager.swift; sourceTree = "<group>"; };
/* End PBXFileReference section */

/* Begin PBXFrameworksBuildPhase section */
		C64368882D3FDFC300E81FF5 /* Frameworks */ = {
			isa = PBXFrameworksBuildPhase;
			buildActionMask = 2147483647;
			files = (
			);
			runOnlyForDeploymentPostprocessing = 0;
		};
/* End PBXFrameworksBuildPhase section */

/* Begin PBXGroup section */
		C63B49F22D45A3EF009BE8C3 /* Model */ = {
			isa = PBXGroup;
			children = (
				C6331D4E2D428BE9001727CC /* Profile.swift */,
			);
			path = Model;
			sourceTree = "<group>";
		};
		C63B49F32D45A3FB009BE8C3 /* View */ = {
			isa = PBXGroup;
			children = (
				C64221EB2D41A6E400FC1AF7 /* TableViewController.swift */,
				C63B49F02D4595C0009BE8C3 /* TableViewCell.swift */,
				C63591F12D47D27200D2A0B0 /* DetailViewController.swift */,
			);
			path = View;
			sourceTree = "<group>";
		};
		C63B49F82D45A9F3009BE8C3 /* Protocols */ = {
			isa = PBXGroup;
			children = (
				C63B49F62D45A88B009BE8C3 /* TableViewModelType.swift */,
				C654EE1E2D46B1F400457D2B /* TableViewCellViewModelType.swift */,
				C63F89B82D47F860003471BF /* DetailViewModelType.swift */,
			);
			path = Protocols;
			sourceTree = "<group>";
		};
		C63B49F92D45A9FF009BE8C3 /* ViewModel */ = {
			isa = PBXGroup;
			children = (
				C63B49F42D45A747009BE8C3 /* TableViewModel.swift */,
				C654EE202D46B87A00457D2B /* TableViewCellViewModel.swift */,
				C63F89BA2D47F8D0003471BF /* DetailViewModel.swift */,
			);
			path = ViewModel;
			sourceTree = "<group>";
		};
		C64221E52D419CBF00FC1AF7 /* labels project */ = {
			isa = PBXGroup;
			children = (
				C64368922D3FDFC300E81FF5 /* ViewController.swift */,
				C64368A42D3FF95E00E81FF5 /* ViewModel.swift */,
				C64368A22D3FE0BE00E81FF5 /* Profile.swift */,
				C64368942D3FDFC300E81FF5 /* Main.storyboard */,
			);
			path = "labels project";
			sourceTree = "<group>";
		};
		C64221EA2D41A15600FC1AF7 /* TableViewProject */ = {
			isa = PBXGroup;
			children = (
				C64221E62D41A10E00FC1AF7 /* TableView.storyboard */,
				C63B49F92D45A9FF009BE8C3 /* ViewModel */,
				C63B49F82D45A9F3009BE8C3 /* Protocols */,
				C63B49F32D45A3FB009BE8C3 /* View */,
				C63B49F22D45A3EF009BE8C3 /* Model */,
			);
			path = TableViewProject;
			sourceTree = "<group>";
		};
		C64368822D3FDFC300E81FF5 = {
			isa = PBXGroup;
			children = (
				C643688D2D3FDFC300E81FF5 /* MVVM example */,
				C643688C2D3FDFC300E81FF5 /* Products */,
			);
			sourceTree = "<group>";
		};
		C643688C2D3FDFC300E81FF5 /* Products */ = {
			isa = PBXGroup;
			children = (
				C643688B2D3FDFC300E81FF5 /* MVVM example.app */,
			);
			name = Products;
			sourceTree = "<group>";
		};
		C643688D2D3FDFC300E81FF5 /* MVVM example */ = {
			isa = PBXGroup;
			children = (
				C65226962D4C1D9D001AD483 /* Network MVVM project */,
				C643688E2D3FDFC300E81FF5 /* AppDelegate.swift */,
				C64221EA2D41A15600FC1AF7 /* TableViewProject */,
				C64368902D3FDFC300E81FF5 /* SceneDelegate.swift */,
				C64221E52D419CBF00FC1AF7 /* labels project */,
				C64368972D3FDFC500E81FF5 /* Assets.xcassets */,
				C64368992D3FDFC500E81FF5 /* LaunchScreen.storyboard */,
				C643689C2D3FDFC500E81FF5 /* Info.plist */,
			);
			path = "MVVM example";
			sourceTree = "<group>";
		};
		C65226962D4C1D9D001AD483 /* Network MVVM project */ = {
			isa = PBXGroup;
			children = (
				C65226972D4C1DE4001AD483 /* NetworkProjectTableViewController.swift */,
				C65226992D4C1DF8001AD483 /* NetworkProject.storyboard */,
				C652269B2D4C2472001AD483 /* NetworkViewModel.swift */,
				C6581B412D4CF4590080A937 /* NetworkManager.swift */,
			);
			path = "Network MVVM project";
			sourceTree = "<group>";
		};
/* End PBXGroup section */

/* Begin PBXNativeTarget section */
		C643688A2D3FDFC300E81FF5 /* MVVM example */ = {
			isa = PBXNativeTarget;
			buildConfigurationList = C643689F2D3FDFC500E81FF5 /* Build configuration list for PBXNativeTarget "MVVM example" */;
			buildPhases = (
				C64368872D3FDFC300E81FF5 /* Sources */,
				C64368882D3FDFC300E81FF5 /* Frameworks */,
				C64368892D3FDFC300E81FF5 /* Resources */,
			);
			buildRules = (
			);
			dependencies = (
			);
			name = "MVVM example";
			productName = "MVVM example";
			productReference = C643688B2D3FDFC300E81FF5 /* MVVM example.app */;
			productType = "com.apple.product-type.application";
		};
/* End PBXNativeTarget section */

/* Begin PBXProject section */
		C64368832D3FDFC300E81FF5 /* Project object */ = {
			isa = PBXProject;
			attributes = {
				BuildIndependentTargetsInParallel = 1;
				LastSwiftUpdateCheck = 1540;
				LastUpgradeCheck = 1540;
				TargetAttributes = {
					C643688A2D3FDFC300E81FF5 = {
						CreatedOnToolsVersion = 15.4;
					};
				};
			};
			buildConfigurationList = C64368862D3FDFC300E81FF5 /* Build configuration list for PBXProject "MVVM example" */;
			compatibilityVersion = "Xcode 14.0";
			developmentRegion = en;
			hasScannedForEncodings = 0;
			knownRegions = (
				en,
				Base,
			);
			mainGroup = C64368822D3FDFC300E81FF5;
			productRefGroup = C643688C2D3FDFC300E81FF5 /* Products */;
			projectDirPath = "";
			projectRoot = "";
			targets = (
				C643688A2D3FDFC300E81FF5 /* MVVM example */,
			);
		};
/* End PBXProject section */

/* Begin PBXResourcesBuildPhase section */
		C64368892D3FDFC300E81FF5 /* Resources */ = {
			isa = PBXResourcesBuildPhase;
			buildActionMask = 2147483647;
			files = (
				C64368982D3FDFC500E81FF5 /* Assets.xcassets in Resources */,
				C643689B2D3FDFC500E81FF5 /* Base in Resources */,
				C652269A2D4C1DF8001AD483 /* NetworkProject.storyboard in Resources */,
				C64221E72D41A10E00FC1AF7 /* TableView.storyboard in Resources */,
				C64368962D3FDFC300E81FF5 /* Base in Resources */,
			);
			runOnlyForDeploymentPostprocessing = 0;
		};
/* End PBXResourcesBuildPhase section */

/* Begin PBXSourcesBuildPhase section */
		C64368872D3FDFC300E81FF5 /* Sources */ = {
			isa = PBXSourcesBuildPhase;
			buildActionMask = 2147483647;
			files = (
				C6581B422D4CF4590080A937 /* NetworkManager.swift in Sources */,
				C652269C2D4C2472001AD483 /* NetworkViewModel.swift in Sources */,
				C63591F22D47D27200D2A0B0 /* DetailViewController.swift in Sources */,
				C65226982D4C1DE4001AD483 /* NetworkProjectTableViewController.swift in Sources */,
				C64368A52D3FF95E00E81FF5 /* ViewModel.swift in Sources */,
				C63B49F72D45A88B009BE8C3 /* TableViewModelType.swift in Sources */,
				C63F89B92D47F860003471BF /* DetailViewModelType.swift in Sources */,
				C654EE1F2D46B1F400457D2B /* TableViewCellViewModelType.swift in Sources */,
				C63B49F12D4595C0009BE8C3 /* TableViewCell.swift in Sources */,
				C64221EC2D41A6E500FC1AF7 /* TableViewController.swift in Sources */,
				C64368932D3FDFC300E81FF5 /* ViewController.swift in Sources */,
				C654EE212D46B87A00457D2B /* TableViewCellViewModel.swift in Sources */,
				C6331D4F2D428BE9001727CC /* Profile.swift in Sources */,
				C64368A32D3FE0BE00E81FF5 /* Profile.swift in Sources */,
				C63B49F52D45A747009BE8C3 /* TableViewModel.swift in Sources */,
				C643688F2D3FDFC300E81FF5 /* AppDelegate.swift in Sources */,
				C63F89BB2D47F8D0003471BF /* DetailViewModel.swift in Sources */,
				C64368912D3FDFC300E81FF5 /* SceneDelegate.swift in Sources */,
			);
			runOnlyForDeploymentPostprocessing = 0;
		};
/* End PBXSourcesBuildPhase section */

/* Begin PBXVariantGroup section */
		C64368942D3FDFC300E81FF5 /* Main.storyboard */ = {
			isa = PBXVariantGroup;
			children = (
				C64368952D3FDFC300E81FF5 /* Base */,
			);
			name = Main.storyboard;
			sourceTree = "<group>";
		};
		C64368992D3FDFC500E81FF5 /* LaunchScreen.storyboard */ = {
			isa = PBXVariantGroup;
			children = (
				C643689A2D3FDFC500E81FF5 /* Base */,
			);
			name = LaunchScreen.storyboard;
			sourceTree = "<group>";
		};
/* End PBXVariantGroup section */

/* Begin XCBuildConfiguration section */
		C643689D2D3FDFC500E81FF5 /* Debug */ = {
			isa = XCBuildConfiguration;
			buildSettings = {
				ALWAYS_SEARCH_USER_PATHS = NO;
				ASSETCATALOG_COMPILER_GENERATE_SWIFT_ASSET_SYMBOL_EXTENSIONS = YES;
				CLANG_ANALYZER_NONNULL = YES;
				CLANG_ANALYZER_NUMBER_OBJECT_CONVERSION = YES_AGGRESSIVE;
				CLANG_CXX_LANGUAGE_STANDARD = "gnu++20";
				CLANG_ENABLE_MODULES = YES;
				CLANG_ENABLE_OBJC_ARC = YES;
				CLANG_ENABLE_OBJC_WEAK = YES;
				CLANG_WARN_BLOCK_CAPTURE_AUTORELEASING = YES;
				CLANG_WARN_BOOL_CONVERSION = YES;
				CLANG_WARN_COMMA = YES;
				CLANG_WARN_CONSTANT_CONVERSION = YES;
				CLANG_WARN_DEPRECATED_OBJC_IMPLEMENTATIONS = YES;
				CLANG_WARN_DIRECT_OBJC_ISA_USAGE = YES_ERROR;
				CLANG_WARN_DOCUMENTATION_COMMENTS = YES;
				CLANG_WARN_EMPTY_BODY = YES;
				CLANG_WARN_ENUM_CONVERSION = YES;
				CLANG_WARN_INFINITE_RECURSION = YES;
				CLANG_WARN_INT_CONVERSION = YES;
				CLANG_WARN_NON_LITERAL_NULL_CONVERSION = YES;
				CLANG_WARN_OBJC_IMPLICIT_RETAIN_SELF = YES;
				CLANG_WARN_OBJC_LITERAL_CONVERSION = YES;
				CLANG_WARN_OBJC_ROOT_CLASS = YES_ERROR;
				CLANG_WARN_QUOTED_INCLUDE_IN_FRAMEWORK_HEADER = YES;
				CLANG_WARN_RANGE_LOOP_ANALYSIS = YES;
				CLANG_WARN_STRICT_PROTOTYPES = YES;
				CLANG_WARN_SUSPICIOUS_MOVE = YES;
				CLANG_WARN_UNGUARDED_AVAILABILITY = YES_AGGRESSIVE;
				CLANG_WARN_UNREACHABLE_CODE = YES;
				CLANG_WARN__DUPLICATE_METHOD_MATCH = YES;
				COPY_PHASE_STRIP = NO;
				DEBUG_INFORMATION_FORMAT = dwarf;
				ENABLE_STRICT_OBJC_MSGSEND = YES;
				ENABLE_TESTABILITY = YES;
				ENABLE_USER_SCRIPT_SANDBOXING = YES;
				GCC_C_LANGUAGE_STANDARD = gnu17;
				GCC_DYNAMIC_NO_PIC = NO;
				GCC_NO_COMMON_BLOCKS = YES;
				GCC_OPTIMIZATION_LEVEL = 0;
				GCC_PREPROCESSOR_DEFINITIONS = (
					"DEBUG=1",
					"$(inherited)",
				);
				GCC_WARN_64_TO_32_BIT_CONVERSION = YES;
				GCC_WARN_ABOUT_RETURN_TYPE = YES_ERROR;
				GCC_WARN_UNDECLARED_SELECTOR = YES;
				GCC_WARN_UNINITIALIZED_AUTOS = YES_AGGRESSIVE;
				GCC_WARN_UNUSED_FUNCTION = YES;
				GCC_WARN_UNUSED_VARIABLE = YES;
				IPHONEOS_DEPLOYMENT_TARGET = 17.5;
				LOCALIZATION_PREFERS_STRING_CATALOGS = YES;
				MTL_ENABLE_DEBUG_INFO = INCLUDE_SOURCE;
				MTL_FAST_MATH = YES;
				ONLY_ACTIVE_ARCH = YES;
				SDKROOT = iphoneos;
				SWIFT_ACTIVE_COMPILATION_CONDITIONS = "DEBUG $(inherited)";
				SWIFT_OPTIMIZATION_LEVEL = "-Onone";
			};
			name = Debug;
		};
		C643689E2D3FDFC500E81FF5 /* Release */ = {
			isa = XCBuildConfiguration;
			buildSettings = {
				ALWAYS_SEARCH_USER_PATHS = NO;
				ASSETCATALOG_COMPILER_GENERATE_SWIFT_ASSET_SYMBOL_EXTENSIONS = YES;
				CLANG_ANALYZER_NONNULL = YES;
				CLANG_ANALYZER_NUMBER_OBJECT_CONVERSION = YES_AGGRESSIVE;
				CLANG_CXX_LANGUAGE_STANDARD = "gnu++20";
				CLANG_ENABLE_MODULES = YES;
				CLANG_ENABLE_OBJC_ARC = YES;
				CLANG_ENABLE_OBJC_WEAK = YES;
				CLANG_WARN_BLOCK_CAPTURE_AUTORELEASING = YES;
				CLANG_WARN_BOOL_CONVERSION = YES;
				CLANG_WARN_COMMA = YES;
				CLANG_WARN_CONSTANT_CONVERSION = YES;
				CLANG_WARN_DEPRECATED_OBJC_IMPLEMENTATIONS = YES;
				CLANG_WARN_DIRECT_OBJC_ISA_USAGE = YES_ERROR;
				CLANG_WARN_DOCUMENTATION_COMMENTS = YES;
				CLANG_WARN_EMPTY_BODY = YES;
				CLANG_WARN_ENUM_CONVERSION = YES;
				CLANG_WARN_INFINITE_RECURSION = YES;
				CLANG_WARN_INT_CONVERSION = YES;
				CLANG_WARN_NON_LITERAL_NULL_CONVERSION = YES;
				CLANG_WARN_OBJC_IMPLICIT_RETAIN_SELF = YES;
				CLANG_WARN_OBJC_LITERAL_CONVERSION = YES;
				CLANG_WARN_OBJC_ROOT_CLASS = YES_ERROR;
				CLANG_WARN_QUOTED_INCLUDE_IN_FRAMEWORK_HEADER = YES;
				CLANG_WARN_RANGE_LOOP_ANALYSIS = YES;
				CLANG_WARN_STRICT_PROTOTYPES = YES;
				CLANG_WARN_SUSPICIOUS_MOVE = YES;
				CLANG_WARN_UNGUARDED_AVAILABILITY = YES_AGGRESSIVE;
				CLANG_WARN_UNREACHABLE_CODE = YES;
				CLANG_WARN__DUPLICATE_METHOD_MATCH = YES;
				COPY_PHASE_STRIP = NO;
				DEBUG_INFORMATION_FORMAT = "dwarf-with-dsym";
				ENABLE_NS_ASSERTIONS = NO;
				ENABLE_STRICT_OBJC_MSGSEND = YES;
				ENABLE_USER_SCRIPT_SANDBOXING = YES;
				GCC_C_LANGUAGE_STANDARD = gnu17;
				GCC_NO_COMMON_BLOCKS = YES;
				GCC_WARN_64_TO_32_BIT_CONVERSION = YES;
				GCC_WARN_ABOUT_RETURN_TYPE = YES_ERROR;
				GCC_WARN_UNDECLARED_SELECTOR = YES;
				GCC_WARN_UNINITIALIZED_AUTOS = YES_AGGRESSIVE;
				GCC_WARN_UNUSED_FUNCTION = YES;
				GCC_WARN_UNUSED_VARIABLE = YES;
				IPHONEOS_DEPLOYMENT_TARGET = 17.5;
				LOCALIZATION_PREFERS_STRING_CATALOGS = YES;
				MTL_ENABLE_DEBUG_INFO = NO;
				MTL_FAST_MATH = YES;
				SDKROOT = iphoneos;
				SWIFT_COMPILATION_MODE = wholemodule;
				VALIDATE_PRODUCT = YES;
			};
			name = Release;
		};
		C64368A02D3FDFC500E81FF5 /* Debug */ = {
			isa = XCBuildConfiguration;
			buildSettings = {
				ASSETCATALOG_COMPILER_APPICON_NAME = AppIcon;
				ASSETCATALOG_COMPILER_GLOBAL_ACCENT_COLOR_NAME = AccentColor;
				CODE_SIGN_STYLE = Automatic;
				CURRENT_PROJECT_VERSION = 1;
				DEVELOPMENT_TEAM = Q8ZNYNGYWA;
				GENERATE_INFOPLIST_FILE = YES;
				INFOPLIST_FILE = "MVVM example/Info.plist";
				INFOPLIST_KEY_UIApplicationSupportsIndirectInputEvents = YES;
				INFOPLIST_KEY_UILaunchStoryboardName = LaunchScreen;
				INFOPLIST_KEY_UIMainStoryboardFile = Main;
				INFOPLIST_KEY_UISupportedInterfaceOrientations_iPad = "UIInterfaceOrientationPortrait UIInterfaceOrientationPortraitUpsideDown UIInterfaceOrientationLandscapeLeft UIInterfaceOrientationLandscapeRight";
				INFOPLIST_KEY_UISupportedInterfaceOrientations_iPhone = "UIInterfaceOrientationPortrait UIInterfaceOrientationLandscapeLeft UIInterfaceOrientationLandscapeRight";
				LD_RUNPATH_SEARCH_PATHS = (
					"$(inherited)",
					"@executable_path/Frameworks",
				);
				MARKETING_VERSION = 1.0;
				PRODUCT_BUNDLE_IDENTIFIER = "okcreating.MVVM-example";
				PRODUCT_NAME = "$(TARGET_NAME)";
				SWIFT_EMIT_LOC_STRINGS = YES;
				SWIFT_VERSION = 5.0;
				TARGETED_DEVICE_FAMILY = "1,2";
			};
			name = Debug;
		};
		C64368A12D3FDFC500E81FF5 /* Release */ = {
			isa = XCBuildConfiguration;
			buildSettings = {
				ASSETCATALOG_COMPILER_APPICON_NAME = AppIcon;
				ASSETCATALOG_COMPILER_GLOBAL_ACCENT_COLOR_NAME = AccentColor;
				CODE_SIGN_STYLE = Automatic;
				CURRENT_PROJECT_VERSION = 1;
				DEVELOPMENT_TEAM = Q8ZNYNGYWA;
				GENERATE_INFOPLIST_FILE = YES;
				INFOPLIST_FILE = "MVVM example/Info.plist";
				INFOPLIST_KEY_UIApplicationSupportsIndirectInputEvents = YES;
				INFOPLIST_KEY_UILaunchStoryboardName = LaunchScreen;
				INFOPLIST_KEY_UIMainStoryboardFile = Main;
				INFOPLIST_KEY_UISupportedInterfaceOrientations_iPad = "UIInterfaceOrientationPortrait UIInterfaceOrientationPortraitUpsideDown UIInterfaceOrientationLandscapeLeft UIInterfaceOrientationLandscapeRight";
				INFOPLIST_KEY_UISupportedInterfaceOrientations_iPhone = "UIInterfaceOrientationPortrait UIInterfaceOrientationLandscapeLeft UIInterfaceOrientationLandscapeRight";
				LD_RUNPATH_SEARCH_PATHS = (
					"$(inherited)",
					"@executable_path/Frameworks",
				);
				MARKETING_VERSION = 1.0;
				PRODUCT_BUNDLE_IDENTIFIER = "okcreating.MVVM-example";
				PRODUCT_NAME = "$(TARGET_NAME)";
				SWIFT_EMIT_LOC_STRINGS = YES;
				SWIFT_VERSION = 5.0;
				TARGETED_DEVICE_FAMILY = "1,2";
			};
			name = Release;
		};
/* End XCBuildConfiguration section */

/* Begin XCConfigurationList section */
		C64368862D3FDFC300E81FF5 /* Build configuration list for PBXProject "MVVM example" */ = {
			isa = XCConfigurationList;
			buildConfigurations = (
				C643689D2D3FDFC500E81FF5 /* Debug */,
				C643689E2D3FDFC500E81FF5 /* Release */,
			);
			defaultConfigurationIsVisible = 0;
			defaultConfigurationName = Release;
		};
		C643689F2D3FDFC500E81FF5 /* Build configuration list for PBXNativeTarget "MVVM example" */ = {
			isa = XCConfigurationList;
			buildConfigurations = (
				C64368A02D3FDFC500E81FF5 /* Debug */,
				C64368A12D3FDFC500E81FF5 /* Release */,
			);
			defaultConfigurationIsVisible = 0;
			defaultConfigurationName = Release;
		};
/* End XCConfigurationList section */
	};
	rootObject = C64368832D3FDFC300E81FF5 /* Project object */;
}
